
Microsoft Visual Studio Solution File, Format Version 12.00
# Visual Studio 15
VisualStudioVersion = 15.0.28010.2036
MinimumVisualStudioVersion = 10.0.40219.1
Project("{FAE04EC0-301F-11D3-BF4B-00C04F79EFBC}") = "Port_Dinleme", "Port_Dinleme\Port_Dinleme.csproj", "{268EEAC5-90E7-4E1D-9041-957E668B36BD}"
EndProject
Global
	GlobalSection(SolutionConfigurationPlatforms) = preSolution
		Debug|Any CPU = Debug|Any CPU
		Release|Any CPU = Release|Any CPU
	EndGlobalSection
	GlobalSection(ProjectConfigurationPlatforms) = postSolution
		{268EEAC5-90E7-4E1D-9041-957E668B36BD}.Debug|Any CPU.ActiveCfg = Debug|Any CPU
		{268EEAC5-90E7-4E1D-9041-957E668B36BD}.Debug|Any CPU.Build.0 = Debug|Any CPU
		{268EEAC5-90E7-4E1D-9041-957E668B36BD}.Release|Any CPU.ActiveCfg = Release|Any CPU
		{268EEAC5-90E7-4E1D-9041-957E668B36BD}.Release|Any CPU.Build.0 = Release|Any CPU
	EndGlobalSection
	GlobalSection(SolutionProperties) = preSolution
		HideSolutionNode = FALSE
	EndGlobalSection
	GlobalSection(ExtensibilityGlobals) = postSolution
		SolutionGuid = {B9B23248-434B-43F8-8831-687102FA66BD}
	EndGlobalSection
EndGlobal
